
Microsoft Visual Studio Solution File, Format Version 12.00
# Visual Studio Version 17
VisualStudioVersion = 17.6.33717.318
MinimumVisualStudioVersion = 10.0.40219.1
Project("{FAE04EC0-301F-11D3-BF4B-00C04F79EFBC}") = "TODOlist", "TODOlist\TODOlist.csproj", "{15D62269-45B9-48DF-B09B-A5B9ABEE30DC}"
EndProject
Global
	GlobalSection(SolutionConfigurationPlatforms) = preSolution
		Debug|Any CPU = Debug|Any CPU
		Release|Any CPU = Release|Any CPU
	EndGlobalSection
	GlobalSection(ProjectConfigurationPlatforms) = postSolution
		{15D62269-45B9-48DF-B09B-A5B9ABEE30DC}.Debug|Any CPU.ActiveCfg = Debug|Any CPU
		{15D62269-45B9-48DF-B09B-A5B9ABEE30DC}.Debug|Any CPU.Build.0 = Debug|Any CPU
		{15D62269-45B9-48DF-B09B-A5B9ABEE30DC}.Release|Any CPU.ActiveCfg = Release|Any CPU
		{15D62269-45B9-48DF-B09B-A5B9ABEE30DC}.Release|Any CPU.Build.0 = Release|Any CPU
	EndGlobalSection
	GlobalSection(SolutionProperties) = preSolution
		HideSolutionNode = FALSE
	EndGlobalSection
	GlobalSection(ExtensibilityGlobals) = postSolution
		SolutionGuid = {66E292FE-523E-49E4-9038-65293E26F237}
	EndGlobalSection
EndGlobal
